dependencies:
- name: taiko-geth
  repository: file://../taiko-geth
  version: 0.1.0
- name: taiko-client
  repository: file://../taiko-client
  version: 0.1.0
- name: ethereum-node
  repository: file://../ethereum-node
  version: 0.0.26
digest: sha256:624087c8b99887f7403350eb7c79bbd28c50963979a4758740f97873a326fc32
generated: "2024-06-26T12:35:36.489224-04:00"
