dependencies:
- name: taiko-geth
  repository: file://../taiko-geth
  version: 0.1.0
- name: taiko-client
  repository: file://../taiko-client
  version: 0.1.1
- name: ethereum-node
  repository: file://../ethereum-node
  version: 0.0.25
digest: sha256:4e888f79e84aa5e5fb66294e7edc8cb3fc89216b8527263491a5cbdb767f1821
generated: "2024-07-14T22:48:44.365847-04:00"
